
Microsoft Visual Studio Solution File, Format Version 12.00
# Visual Studio Version 17
VisualStudioVersion = 17.8.34004.107
MinimumVisualStudioVersion = 10.0.40219.1
Project("{9A19103F-16F7-4668-BE54-9A1E7A4F7556}") = "AiPrompt", "AiPrompt\AiPrompt.csproj", "{FF4715F9-37F5-42FE-94CA-F12EC40F97AF}"
EndProject
Project("{2150E333-8FDC-42A3-9474-1A3956D46DE8}") = "Solution Items", "Solution Items", "{ACBB1933-7EC4-49DA-8179-E10D75C67893}"
	ProjectSection(SolutionItems) = preProject
		LICENSE.txt = LICENSE.txt
		README.md = README.md
	EndProjectSection
EndProject
Global
	GlobalSection(SolutionConfigurationPlatforms) = preSolution
		Debug|Any CPU = Debug|Any CPU
		Release|Any CPU = Release|Any CPU
	EndGlobalSection
	GlobalSection(ProjectConfigurationPlatforms) = postSolution
		{FF4715F9-37F5-42FE-94CA-F12EC40F97AF}.Debug|Any CPU.ActiveCfg = Debug|Any CPU
		{FF4715F9-37F5-42FE-94CA-F12EC40F97AF}.Debug|Any CPU.Build.0 = Debug|Any CPU
		{FF4715F9-37F5-42FE-94CA-F12EC40F97AF}.Release|Any CPU.ActiveCfg = Release|Any CPU
		{FF4715F9-37F5-42FE-94CA-F12EC40F97AF}.Release|Any CPU.Build.0 = Release|Any CPU
	EndGlobalSection
	GlobalSection(SolutionProperties) = preSolution
		HideSolutionNode = FALSE
	EndGlobalSection
	GlobalSection(ExtensibilityGlobals) = postSolution
		SolutionGuid = {298A0288-734F-4330-9041-865D104966C1}
	EndGlobalSection
EndGlobal
